// !$*UTF8*$!
{
	archiveVersion = 1;
	classes = {
	};
	objectVersion = 46;
	objects = {

/* Begin PBXBuildFile section */
		D0794AC81BF06F8800C286CB /* AppDelegate.swift in Sources */ = {isa = PBXBuildFile; fileRef = D0794AC71BF06F8800C286CB /* AppDelegate.swift */; };
		D0794ACA1BF06F8800C286CB /* ViewController.swift in Sources */ = {isa = PBXBuildFile; fileRef = D0794AC91BF06F8800C286CB /* ViewController.swift */; };
		D0794ACD1BF06F8800C286CB /* Main.storyboard in Resources */ = {isa = PBXBuildFile; fileRef = D0794ACB1BF06F8800C286CB /* Main.storyboard */; };
		D0794ACF1BF06F8800C286CB /* Assets.xcassets in Resources */ = {isa = PBXBuildFile; fileRef = D0794ACE1BF06F8800C286CB /* Assets.xcassets */; };
		D0794AD21BF06F8800C286CB /* LaunchScreen.storyboard in Resources */ = {isa = PBXBuildFile; fileRef = D0794AD01BF06F8800C286CB /* LaunchScreen.storyboard */; };
/* End PBXBuildFile section */

/* Begin PBXFileReference section */
		D0794AC41BF06F8800C286CB /* Navigation Bar.app */ = {isa = PBXFileReference; explicitFileType = wrapper.application; includeInIndex = 0; path = "Navigation Bar.app"; sourceTree = BUILT_PRODUCTS_DIR; };
		D0794AC71BF06F8800C286CB /* AppDelegate.swift */ = {isa = PBXFileReference; lastKnownFileType = sourcecode.swift; path = AppDelegate.swift; sourceTree = "<group>"; };
		D0794AC91BF06F8800C286CB /* ViewController.swift */ = {isa = PBXFileReference; lastKnownFileType = sourcecode.swift; path = ViewController.swift; sourceTree = "<group>"; };
		D0794ACC1BF06F8800C286CB /* Base */ = {isa = PBXFileReference; lastKnownFileType = file.storyboard; name = Base; path = Base.lproj/Main.storyboard; sourceTree = "<group>"; };
		D0794ACE1BF06F8800C286CB /* Assets.xcassets */ = {isa = PBXFileReference; lastKnownFileType = folder.assetcatalog; path = Assets.xcassets; sourceTree = "<group>"; };
		D0794AD11BF06F8800C286CB /* Base */ = {isa = PBXFileReference; lastKnownFileType = file.storyboard; name = Base; path = Base.lproj/LaunchScreen.storyboard; sourceTree = "<group>"; };
		D0794AD31BF06F8800C286CB /* Info.plist */ = {isa = PBXFileReference; lastKnownFileType = text.plist.xml; path = Info.plist; sourceTree = "<group>"; };
/* End PBXFileReference section */

/* Begin PBXFrameworksBuildPhase section */
		D0794AC11BF06F8800C286CB /* Frameworks */ = {
			isa = PBXFrameworksBuildPhase;
			buildActionMask = 2147483647;
			files = (
			);
			runOnlyForDeploymentPostprocessing = 0;
		};
/* End PBXFrameworksBuildPhase section */

/* Begin PBXGroup section */
		D0794ABB1BF06F8800C286CB = {
			isa = PBXGroup;
			children = (
				D0794AC61BF06F8800C286CB /* Navigation Bar */,
				D0794AC51BF06F8800C286CB /* Products */,
			);
			sourceTree = "<group>";
		};
		D0794AC51BF06F8800C286CB /* Products */ = {
			isa = PBXGroup;
			children = (
				D0794AC41BF06F8800C286CB /* Navigation Bar.app */,
			);
			name = Products;
			sourceTree = "<group>";
		};
		D0794AC61BF06F8800C286CB /* Navigation Bar */ = {
			isa = PBXGroup;
			children = (
				D0794AC71BF06F8800C286CB /* AppDelegate.swift */,
				D0794AC91BF06F8800C286CB /* ViewController.swift */,
				D0794ACB1BF06F8800C286CB /* Main.storyboard */,
				D0794ACE1BF06F8800C286CB /* Assets.xcassets */,
				D0794AD01BF06F8800C286CB /* LaunchScreen.storyboard */,
				D0794AD31BF06F8800C286CB /* Info.plist */,
			);
			path = "Navigation Bar";
			sourceTree = "<group>";
		};
/* End PBXGroup section */

/* Begin PBXNativeTarget section */
		D0794AC31BF06F8800C286CB /* Navigation Bar */ = {
			isa = PBXNativeTarget;
			buildConfigurationList = D0794AD61BF06F8800C286CB /* Build configuration list for PBXNativeTarget "Navigation Bar" */;
			buildPhases = (
				D0794AC01BF06F8800C286CB /* Sources */,
				D0794AC11BF06F8800C286CB /* Frameworks */,
				D0794AC21BF06F8800C286CB /* Resources */,
			);
			buildRules = (
			);
			dependencies = (
			);
			name = "Navigation Bar";
			productName = "Navigation Bar";
			productReference = D0794AC41BF06F8800C286CB /* Navigation Bar.app */;
			productType = "com.apple.product-type.application";
		};
/* End PBXNativeTarget section */

/* Begin PBXProject section */
		D0794ABC1BF06F8800C286CB /* Project object */ = {
			isa = PBXProject;
			attributes = {
				LastSwiftUpdateCheck = 0710;
				LastUpgradeCheck = 0710;
				ORGANIZATIONNAME = APNApp;
				TargetAttributes = {
					D0794AC31BF06F8800C286CB = {
						CreatedOnToolsVersion = 7.1;
					};
				};
			};
			buildConfigurationList = D0794ABF1BF06F8800C286CB /* Build configuration list for PBXProject "Navigation Bar" */;
			compatibilityVersion = "Xcode 3.2";
			developmentRegion = English;
			hasScannedForEncodings = 0;
			knownRegions = (
				en,
				Base,
			);
			mainGroup = D0794ABB1BF06F8800C286CB;
			productRefGroup = D0794AC51BF06F8800C286CB /* Products */;
			projectDirPath = "";
			projectRoot = "";
			targets = (
				D0794AC31BF06F8800C286CB /* Navigation Bar */,
			);
		};
/* End PBXProject section */

/* Begin PBXResourcesBuildPhase section */
		D0794AC21BF06F8800C286CB /* Resources */ = {
			isa = PBXResourcesBuildPhase;
			buildActionMask = 2147483647;
			files = (
				D0794AD21BF06F8800C286CB /* LaunchScreen.storyboard in Resources */,
				D0794ACF1BF06F8800C286CB /* Assets.xcassets in Resources */,
				D0794ACD1BF06F8800C286CB /* Main.storyboard in Resources */,
			);
			runOnlyForDeploymentPostprocessing = 0;
		};
/* End PBXResourcesBuildPhase section */

/* Begin PBXSourcesBuildPhase section */
		D0794AC01BF06F8800C286CB /* Sources */ = {
			isa = PBXSourcesBuildPhase;
			buildActionMask = 2147483647;
			files = (
				D0794ACA1BF06F8800C286CB /* ViewController.swift in Sources */,
				D0794AC81BF06F8800C286CB /* AppDelegate.swift in Sources */,
			);
			runOnlyForDeploymentPostprocessing = 0;
		};
/* End PBXSourcesBuildPhase section */

/* Begin PBXVariantGroup section */
		D0794ACB1BF06F8800C286CB /* Main.storyboard */ = {
			isa = PBXVariantGroup;
			children = (
				D0794ACC1BF06F8800C286CB /* Base */,
			);
			name = Main.storyboard;
			sourceTree = "<group>";
		};
		D0794AD01BF06F8800C286CB /* LaunchScreen.storyboard */ = {
			isa = PBXVariantGroup;
			children = (
				D0794AD11BF06F8800C286CB /* Base */,
			);
			name = LaunchScreen.storyboard;
			sourceTree = "<group>";
		};
/* End PBXVariantGroup section */

/* Begin XCBuildConfiguration section */
		D0794AD41BF06F8800C286CB /* Debug */ = {
			isa = XCBuildConfiguration;
			buildSettings = {
				ALWAYS_SEARCH_USER_PATHS = NO;
				CLANG_CXX_LANGUAGE_STANDARD = "gnu++0x";
				CLANG_CXX_LIBRARY = "libc++";
				CLANG_ENABLE_MODULES = YES;
				CLANG_ENABLE_OBJC_ARC = YES;
				CLANG_WARN_BOOL_CONVERSION = YES;
				CLANG_WARN_CONSTANT_CONVERSION = YES;
				CLANG_WARN_DIRECT_OBJC_ISA_USAGE = YES_ERROR;
				CLANG_WARN_EMPTY_BODY = YES;
				CLANG_WARN_ENUM_CONVERSION = YES;
				CLANG_WARN_INT_CONVERSION = YES;
				CLANG_WARN_OBJC_ROOT_CLASS = YES_ERROR;
				CLANG_WARN_UNREACHABLE_CODE = YES;
				CLANG_WARN__DUPLICATE_METHOD_MATCH = YES;
				"CODE_SIGN_IDENTITY[sdk=iphoneos*]" = "iPhone Developer";
				COPY_PHASE_STRIP = NO;
				DEBUG_INFORMATION_FORMAT = dwarf;
				ENABLE_STRICT_OBJC_MSGSEND = YES;
				ENABLE_TESTABILITY = YES;
				GCC_C_LANGUAGE_STANDARD = gnu99;
				GCC_DYNAMIC_NO_PIC = NO;
				GCC_NO_COMMON_BLOCKS = YES;
				GCC_OPTIMIZATION_LEVEL = 0;
				GCC_PREPROCESSOR_DEFINITIONS = (
					"DEBUG=1",
					"$(inherited)",
				);
				GCC_WARN_64_TO_32_BIT_CONVERSION = YES;
				GCC_WARN_ABOUT_RETURN_TYPE = YES_ERROR;
				GCC_WARN_UNDECLARED_SELECTOR = YES;
				GCC_WARN_UNINITIALIZED_AUTOS = YES_AGGRESSIVE;
				GCC_WARN_UNUSED_FUNCTION = YES;
				GCC_WARN_UNUSED_VARIABLE = YES;
				IPHONEOS_DEPLOYMENT_TARGET = 9.1;
				MTL_ENABLE_DEBUG_INFO = YES;
				ONLY_ACTIVE_ARCH = YES;
				SDKROOT = iphoneos;
				SWIFT_OPTIMIZATION_LEVEL = "-Onone";
			};
			name = Debug;
		};
		D0794AD51BF06F8800C286CB /* Release */ = {
			isa = XCBuildConfiguration;
			buildSettings = {
				ALWAYS_SEARCH_USER_PATHS = NO;
				CLANG_CXX_LANGUAGE_STANDARD = "gnu++0x";
				CLANG_CXX_LIBRARY = "libc++";
				CLANG_ENABLE_MODULES = YES;
				CLANG_ENABLE_OBJC_ARC = YES;
				CLANG_WARN_BOOL_CONVERSION = YES;
				CLANG_WARN_CONSTANT_CONVERSION = YES;
				CLANG_WARN_DIRECT_OBJC_ISA_USAGE = YES_ERROR;
				CLANG_WARN_EMPTY_BODY = YES;
				CLANG_WARN_ENUM_CONVERSION = YES;
				CLANG_WARN_INT_CONVERSION = YES;
				CLANG_WARN_OBJC_ROOT_CLASS = YES_ERROR;
				CLANG_WARN_UNREACHABLE_CODE = YES;
				CLANG_WARN__DUPLICATE_METHOD_MATCH = YES;
				"CODE_SIGN_IDENTITY[sdk=iphoneos*]" = "iPhone Developer";
				COPY_PHASE_STRIP = NO;
				DEBUG_INFORMATION_FORMAT = "dwarf-with-dsym";
				ENABLE_NS_ASSERTIONS = NO;
				ENABLE_STRICT_OBJC_MSGSEND = YES;
				GCC_C_LANGUAGE_STANDARD = gnu99;
				GCC_NO_COMMON_BLOCKS = YES;
				GCC_WARN_64_TO_32_BIT_CONVERSION = YES;
				GCC_WARN_ABOUT_RETURN_TYPE = YES_ERROR;
				GCC_WARN_UNDECLARED_SELECTOR = YES;
				GCC_WARN_UNINITIALIZED_AUTOS = YES_AGGRESSIVE;
				GCC_WARN_UNUSED_FUNCTION = YES;
				GCC_WARN_UNUSED_VARIABLE = YES;
				IPHONEOS_DEPLOYMENT_TARGET = 9.1;
				MTL_ENABLE_DEBUG_INFO = NO;
				SDKROOT = iphoneos;
				VALIDATE_PRODUCT = YES;
			};
			name = Release;
		};
		D0794AD71BF06F8800C286CB /* Debug */ = {
			isa = XCBuildConfiguration;
			buildSettings = {
				ASSETCATALOG_COMPILER_APPICON_NAME = AppIcon;
				INFOPLIST_FILE = "Navigation Bar/Info.plist";
				LD_RUNPATH_SEARCH_PATHS = "$(inherited) @executable_path/Frameworks";
				PRODUCT_BUNDLE_IDENTIFIER = "com.apnapp.Navigation-Bar";
				PRODUCT_NAME = "$(TARGET_NAME)";
			};
			name = Debug;
		};
		D0794AD81BF06F8800C286CB /* Release */ = {
			isa = XCBuildConfiguration;
			buildSettings = {
				ASSETCATALOG_COMPILER_APPICON_NAME = AppIcon;
				INFOPLIST_FILE = "Navigation Bar/Info.plist";
				LD_RUNPATH_SEARCH_PATHS = "$(inherited) @executable_path/Frameworks";
				PRODUCT_BUNDLE_IDENTIFIER = "com.apnapp.Navigation-Bar";
				PRODUCT_NAME = "$(TARGET_NAME)";
			};
			name = Release;
		};
/* End XCBuildConfiguration section */

/* Begin XCConfigurationList section */
		D0794ABF1BF06F8800C286CB /* Build configuration list for PBXProject "Navigation Bar" */ = {
			isa = XCConfigurationList;
			buildConfigurations = (
				D0794AD41BF06F8800C286CB /* Debug */,
				D0794AD51BF06F8800C286CB /* Release */,
			);
			defaultConfigurationIsVisible = 0;
			defaultConfigurationName = Release;
		};
		D0794AD61BF06F8800C286CB /* Build configuration list for PBXNativeTarget "Navigation Bar" */ = {
			isa = XCConfigurationList;
			buildConfigurations = (
				D0794AD71BF06F8800C286CB /* Debug */,
				D0794AD81BF06F8800C286CB /* Release */,
			);
			defaultConfigurationIsVisible = 0;
		};
/* End XCConfigurationList section */
	};
	rootObject = D0794ABC1BF06F8800C286CB /* Project object */;
}
